
Microsoft Visual Studio Solution File, Format Version 12.00
# Visual Studio Version 17
VisualStudioVersion = 17.0.31903.59
MinimumVisualStudioVersion = 10.0.40219.1
Project("{FAE04EC0-301F-11D3-BF4B-00C04F79EFBC}") = "DigiToll.DataStorage", "DigiToll.DataStorage\DigiToll.DataStorage.csproj", "{1C0F3469-5ECA-4F4A-AFF9-EB767A47569F}"
EndProject
Project("{FAE04EC0-301F-11D3-BF4B-00C04F79EFBC}") = "DigiToll.SharedKernel", "DigiToll.SharedKernel\DigiToll.SharedKernel.csproj", "{6B0D5790-1847-4BE1-8092-B88C61055A7D}"
EndProject
Project("{2150E333-8FDC-42A3-9474-1A3956D46DE8}") = "Services", "Services", "{5854FF58-B8C5-05C6-5BF2-ACE42193F22B}"
EndProject
Project("{2150E333-8FDC-42A3-9474-1A3956D46DE8}") = "VehicleIdentification", "VehicleIdentification", "{39992B80-D7AD-0F4D-23D5-B98A7B6F7673}"
EndProject
Project("{FAE04EC0-301F-11D3-BF4B-00C04F79EFBC}") = "DigiToll.VehicleIdentification.API", "Services\VehicleIdentification\DigiToll.VehicleIdentification.API\DigiToll.VehicleIdentification.API.csproj", "{77C7FA6B-B270-4238-82A9-69C8EACE2C04}"
EndProject
Project("{FAE04EC0-301F-11D3-BF4B-00C04F79EFBC}") = "VehicleIdentification.Infrastructure", "Services\VehicleIdentification\VehicleIdentification.Infrastructure\VehicleIdentification.Infrastructure.csproj", "{A866E39E-B3E2-4562-909F-C47264C5A4CD}"
EndProject
Project("{FAE04EC0-301F-11D3-BF4B-00C04F79EFBC}") = "VehicleIdentification.Domain", "Services\VehicleIdentification\VehicleIdentification.Domain\VehicleIdentification.Domain.csproj", "{194E89AB-74E5-469D-B863-22E2209DC96F}"
EndProject
Project("{FAE04EC0-301F-11D3-BF4B-00C04F79EFBC}") = "VehicleIdentification.Application", "Services\VehicleIdentification\VehicleIdentification.Application\VehicleIdentification.Application.csproj", "{4A1B79AA-EC73-470D-BC32-476442A5D62F}"
EndProject
Global
	GlobalSection(SolutionConfigurationPlatforms) = preSolution
		Debug|Any CPU = Debug|Any CPU
		Debug|x64 = Debug|x64
		Debug|x86 = Debug|x86
		Release|Any CPU = Release|Any CPU
		Release|x64 = Release|x64
		Release|x86 = Release|x86
	EndGlobalSection
	GlobalSection(ProjectConfigurationPlatforms) = postSolution
		{1C0F3469-5ECA-4F4A-AFF9-EB767A47569F}.Debug|Any CPU.ActiveCfg = Debug|Any CPU
		{1C0F3469-5ECA-4F4A-AFF9-EB767A47569F}.Debug|Any CPU.Build.0 = Debug|Any CPU
		{1C0F3469-5ECA-4F4A-AFF9-EB767A47569F}.Debug|x64.ActiveCfg = Debug|Any CPU
		{1C0F3469-5ECA-4F4A-AFF9-EB767A47569F}.Debug|x64.Build.0 = Debug|Any CPU
		{1C0F3469-5ECA-4F4A-AFF9-EB767A47569F}.Debug|x86.ActiveCfg = Debug|Any CPU
		{1C0F3469-5ECA-4F4A-AFF9-EB767A47569F}.Debug|x86.Build.0 = Debug|Any CPU
		{1C0F3469-5ECA-4F4A-AFF9-EB767A47569F}.Release|Any CPU.ActiveCfg = Release|Any CPU
		{1C0F3469-5ECA-4F4A-AFF9-EB767A47569F}.Release|Any CPU.Build.0 = Release|Any CPU
		{1C0F3469-5ECA-4F4A-AFF9-EB767A47569F}.Release|x64.ActiveCfg = Release|Any CPU
		{1C0F3469-5ECA-4F4A-AFF9-EB767A47569F}.Release|x64.Build.0 = Release|Any CPU
		{1C0F3469-5ECA-4F4A-AFF9-EB767A47569F}.Release|x86.ActiveCfg = Release|Any CPU
		{1C0F3469-5ECA-4F4A-AFF9-EB767A47569F}.Release|x86.Build.0 = Release|Any CPU
		{6B0D5790-1847-4BE1-8092-B88C61055A7D}.Debug|Any CPU.ActiveCfg = Debug|Any CPU
		{6B0D5790-1847-4BE1-8092-B88C61055A7D}.Debug|Any CPU.Build.0 = Debug|Any CPU
		{6B0D5790-1847-4BE1-8092-B88C61055A7D}.Debug|x64.ActiveCfg = Debug|Any CPU
		{6B0D5790-1847-4BE1-8092-B88C61055A7D}.Debug|x64.Build.0 = Debug|Any CPU
		{6B0D5790-1847-4BE1-8092-B88C61055A7D}.Debug|x86.ActiveCfg = Debug|Any CPU
		{6B0D5790-1847-4BE1-8092-B88C61055A7D}.Debug|x86.Build.0 = Debug|Any CPU
		{6B0D5790-1847-4BE1-8092-B88C61055A7D}.Release|Any CPU.ActiveCfg = Release|Any CPU
		{6B0D5790-1847-4BE1-8092-B88C61055A7D}.Release|Any CPU.Build.0 = Release|Any CPU
		{6B0D5790-1847-4BE1-8092-B88C61055A7D}.Release|x64.ActiveCfg = Release|Any CPU
		{6B0D5790-1847-4BE1-8092-B88C61055A7D}.Release|x64.Build.0 = Release|Any CPU
		{6B0D5790-1847-4BE1-8092-B88C61055A7D}.Release|x86.ActiveCfg = Release|Any CPU
		{6B0D5790-1847-4BE1-8092-B88C61055A7D}.Release|x86.Build.0 = Release|Any CPU
		{77C7FA6B-B270-4238-82A9-69C8EACE2C04}.Debug|Any CPU.ActiveCfg = Debug|Any CPU
		{77C7FA6B-B270-4238-82A9-69C8EACE2C04}.Debug|Any CPU.Build.0 = Debug|Any CPU
		{77C7FA6B-B270-4238-82A9-69C8EACE2C04}.Debug|x64.ActiveCfg = Debug|Any CPU
		{77C7FA6B-B270-4238-82A9-69C8EACE2C04}.Debug|x64.Build.0 = Debug|Any CPU
		{77C7FA6B-B270-4238-82A9-69C8EACE2C04}.Debug|x86.ActiveCfg = Debug|Any CPU
		{77C7FA6B-B270-4238-82A9-69C8EACE2C04}.Debug|x86.Build.0 = Debug|Any CPU
		{77C7FA6B-B270-4238-82A9-69C8EACE2C04}.Release|Any CPU.ActiveCfg = Release|Any CPU
		{77C7FA6B-B270-4238-82A9-69C8EACE2C04}.Release|Any CPU.Build.0 = Release|Any CPU
		{77C7FA6B-B270-4238-82A9-69C8EACE2C04}.Release|x64.ActiveCfg = Release|Any CPU
		{77C7FA6B-B270-4238-82A9-69C8EACE2C04}.Release|x64.Build.0 = Release|Any CPU
		{77C7FA6B-B270-4238-82A9-69C8EACE2C04}.Release|x86.ActiveCfg = Release|Any CPU
		{77C7FA6B-B270-4238-82A9-69C8EACE2C04}.Release|x86.Build.0 = Release|Any CPU
		{A866E39E-B3E2-4562-909F-C47264C5A4CD}.Debug|Any CPU.ActiveCfg = Debug|Any CPU
		{A866E39E-B3E2-4562-909F-C47264C5A4CD}.Debug|Any CPU.Build.0 = Debug|Any CPU
		{A866E39E-B3E2-4562-909F-C47264C5A4CD}.Debug|x64.ActiveCfg = Debug|Any CPU
		{A866E39E-B3E2-4562-909F-C47264C5A4CD}.Debug|x64.Build.0 = Debug|Any CPU
		{A866E39E-B3E2-4562-909F-C47264C5A4CD}.Debug|x86.ActiveCfg = Debug|Any CPU
		{A866E39E-B3E2-4562-909F-C47264C5A4CD}.Debug|x86.Build.0 = Debug|Any CPU
		{A866E39E-B3E2-4562-909F-C47264C5A4CD}.Release|Any CPU.ActiveCfg = Release|Any CPU
		{A866E39E-B3E2-4562-909F-C47264C5A4CD}.Release|Any CPU.Build.0 = Release|Any CPU
		{A866E39E-B3E2-4562-909F-C47264C5A4CD}.Release|x64.ActiveCfg = Release|Any CPU
		{A866E39E-B3E2-4562-909F-C47264C5A4CD}.Release|x64.Build.0 = Release|Any CPU
		{A866E39E-B3E2-4562-909F-C47264C5A4CD}.Release|x86.ActiveCfg = Release|Any CPU
		{A866E39E-B3E2-4562-909F-C47264C5A4CD}.Release|x86.Build.0 = Release|Any CPU
		{194E89AB-74E5-469D-B863-22E2209DC96F}.Debug|Any CPU.ActiveCfg = Debug|Any CPU
		{194E89AB-74E5-469D-B863-22E2209DC96F}.Debug|Any CPU.Build.0 = Debug|Any CPU
		{194E89AB-74E5-469D-B863-22E2209DC96F}.Debug|x64.ActiveCfg = Debug|Any CPU
		{194E89AB-74E5-469D-B863-22E2209DC96F}.Debug|x64.Build.0 = Debug|Any CPU
		{194E89AB-74E5-469D-B863-22E2209DC96F}.Debug|x86.ActiveCfg = Debug|Any CPU
		{194E89AB-74E5-469D-B863-22E2209DC96F}.Debug|x86.Build.0 = Debug|Any CPU
		{194E89AB-74E5-469D-B863-22E2209DC96F}.Release|Any CPU.ActiveCfg = Release|Any CPU
		{194E89AB-74E5-469D-B863-22E2209DC96F}.Release|Any CPU.Build.0 = Release|Any CPU
		{194E89AB-74E5-469D-B863-22E2209DC96F}.Release|x64.ActiveCfg = Release|Any CPU
		{194E89AB-74E5-469D-B863-22E2209DC96F}.Release|x64.Build.0 = Release|Any CPU
		{194E89AB-74E5-469D-B863-22E2209DC96F}.Release|x86.ActiveCfg = Release|Any CPU
		{194E89AB-74E5-469D-B863-22E2209DC96F}.Release|x86.Build.0 = Release|Any CPU
		{4A1B79AA-EC73-470D-BC32-476442A5D62F}.Debug|Any CPU.ActiveCfg = Debug|Any CPU
		{4A1B79AA-EC73-470D-BC32-476442A5D62F}.Debug|Any CPU.Build.0 = Debug|Any CPU
		{4A1B79AA-EC73-470D-BC32-476442A5D62F}.Debug|x64.ActiveCfg = Debug|Any CPU
		{4A1B79AA-EC73-470D-BC32-476442A5D62F}.Debug|x64.Build.0 = Debug|Any CPU
		{4A1B79AA-EC73-470D-BC32-476442A5D62F}.Debug|x86.ActiveCfg = Debug|Any CPU
		{4A1B79AA-EC73-470D-BC32-476442A5D62F}.Debug|x86.Build.0 = Debug|Any CPU
		{4A1B79AA-EC73-470D-BC32-476442A5D62F}.Release|Any CPU.ActiveCfg = Release|Any CPU
		{4A1B79AA-EC73-470D-BC32-476442A5D62F}.Release|Any CPU.Build.0 = Release|Any CPU
		{4A1B79AA-EC73-470D-BC32-476442A5D62F}.Release|x64.ActiveCfg = Release|Any CPU
		{4A1B79AA-EC73-470D-BC32-476442A5D62F}.Release|x64.Build.0 = Release|Any CPU
		{4A1B79AA-EC73-470D-BC32-476442A5D62F}.Release|x86.ActiveCfg = Release|Any CPU
		{4A1B79AA-EC73-470D-BC32-476442A5D62F}.Release|x86.Build.0 = Release|Any CPU
	EndGlobalSection
	GlobalSection(SolutionProperties) = preSolution
		HideSolutionNode = FALSE
	EndGlobalSection
	GlobalSection(NestedProjects) = preSolution
		{39992B80-D7AD-0F4D-23D5-B98A7B6F7673} = {5854FF58-B8C5-05C6-5BF2-ACE42193F22B}
		{77C7FA6B-B270-4238-82A9-69C8EACE2C04} = {39992B80-D7AD-0F4D-23D5-B98A7B6F7673}
		{A866E39E-B3E2-4562-909F-C47264C5A4CD} = {39992B80-D7AD-0F4D-23D5-B98A7B6F7673}
		{194E89AB-74E5-469D-B863-22E2209DC96F} = {39992B80-D7AD-0F4D-23D5-B98A7B6F7673}
		{4A1B79AA-EC73-470D-BC32-476442A5D62F} = {39992B80-D7AD-0F4D-23D5-B98A7B6F7673}
	EndGlobalSection
EndGlobal
